
Microsoft Visual Studio Solution File, Format Version 12.00
Project("{FAE04EC0-301F-11D3-BF4B-00C04F79EFBC}") = "BlazorServer", "BlazorServer\BlazorServer.csproj", "{3368DDFC-E757-4736-81E4-53854A90DF0B}"
EndProject
Project("{FAE04EC0-301F-11D3-BF4B-00C04F79EFBC}") = "LogicLayer", "LogicLayer\LogicLayer.csproj", "{50E626EC-5A72-4069-9D45-726AC973F516}"
EndProject
Project("{FAE04EC0-301F-11D3-BF4B-00C04F79EFBC}") = "DataLayer", "DataLayer\DataLayer.csproj", "{25073E6D-CCBF-4F43-9084-79B5FD5FE86F}"
EndProject
Project("{FAE04EC0-301F-11D3-BF4B-00C04F79EFBC}") = "Runner", "Runner\Runner.csproj", "{B23146AB-08F6-4D14-B55D-A1C1B071B0AC}"
EndProject
Global
	GlobalSection(SolutionConfigurationPlatforms) = preSolution
		Debug|Any CPU = Debug|Any CPU
		Release|Any CPU = Release|Any CPU
	EndGlobalSection
	GlobalSection(ProjectConfigurationPlatforms) = postSolution
		{3368DDFC-E757-4736-81E4-53854A90DF0B}.Debug|Any CPU.ActiveCfg = Debug|Any CPU
		{3368DDFC-E757-4736-81E4-53854A90DF0B}.Debug|Any CPU.Build.0 = Debug|Any CPU
		{3368DDFC-E757-4736-81E4-53854A90DF0B}.Release|Any CPU.ActiveCfg = Release|Any CPU
		{3368DDFC-E757-4736-81E4-53854A90DF0B}.Release|Any CPU.Build.0 = Release|Any CPU
		{50E626EC-5A72-4069-9D45-726AC973F516}.Debug|Any CPU.ActiveCfg = Debug|Any CPU
		{50E626EC-5A72-4069-9D45-726AC973F516}.Debug|Any CPU.Build.0 = Debug|Any CPU
		{50E626EC-5A72-4069-9D45-726AC973F516}.Release|Any CPU.ActiveCfg = Release|Any CPU
		{50E626EC-5A72-4069-9D45-726AC973F516}.Release|Any CPU.Build.0 = Release|Any CPU
		{25073E6D-CCBF-4F43-9084-79B5FD5FE86F}.Debug|Any CPU.ActiveCfg = Debug|Any CPU
		{25073E6D-CCBF-4F43-9084-79B5FD5FE86F}.Debug|Any CPU.Build.0 = Debug|Any CPU
		{25073E6D-CCBF-4F43-9084-79B5FD5FE86F}.Release|Any CPU.ActiveCfg = Release|Any CPU
		{25073E6D-CCBF-4F43-9084-79B5FD5FE86F}.Release|Any CPU.Build.0 = Release|Any CPU
		{B23146AB-08F6-4D14-B55D-A1C1B071B0AC}.Debug|Any CPU.ActiveCfg = Debug|Any CPU
		{B23146AB-08F6-4D14-B55D-A1C1B071B0AC}.Debug|Any CPU.Build.0 = Debug|Any CPU
		{B23146AB-08F6-4D14-B55D-A1C1B071B0AC}.Release|Any CPU.ActiveCfg = Release|Any CPU
		{B23146AB-08F6-4D14-B55D-A1C1B071B0AC}.Release|Any CPU.Build.0 = Release|Any CPU
	EndGlobalSection
EndGlobal
